
Microsoft Visual Studio Solution File, Format Version 12.00
# Visual Studio 15
VisualStudioVersion = 15.0.26730.16
MinimumVisualStudioVersion = 10.0.40219.1
Project("{FAE04EC0-301F-11D3-BF4B-00C04F79EFBC}") = "EigenfacesForRecognition", "EigenfacesForRecognition\EigenfacesForRecognition.csproj", "{5371EFCF-AF93-4606-B901-FA6EB7AFEE8B}"
EndProject
Global
	GlobalSection(SolutionConfigurationPlatforms) = preSolution
		Debug|Any CPU = Debug|Any CPU
		Release|Any CPU = Release|Any CPU
	EndGlobalSection
	GlobalSection(ProjectConfigurationPlatforms) = postSolution
		{5371EFCF-AF93-4606-B901-FA6EB7AFEE8B}.Debug|Any CPU.ActiveCfg = Debug|Any CPU
		{5371EFCF-AF93-4606-B901-FA6EB7AFEE8B}.Debug|Any CPU.Build.0 = Debug|Any CPU
		{5371EFCF-AF93-4606-B901-FA6EB7AFEE8B}.Release|Any CPU.ActiveCfg = Release|Any CPU
		{5371EFCF-AF93-4606-B901-FA6EB7AFEE8B}.Release|Any CPU.Build.0 = Release|Any CPU
	EndGlobalSection
	GlobalSection(SolutionProperties) = preSolution
		HideSolutionNode = FALSE
	EndGlobalSection
	GlobalSection(ExtensibilityGlobals) = postSolution
		SolutionGuid = {AFF6C734-C9CA-4C5B-B2D3-162856ED9A41}
	EndGlobalSection
EndGlobal
